
Microsoft Visual Studio Solution File, Format Version 12.00
# Visual Studio Version 17
VisualStudioVersion = 17.3.32804.467
MinimumVisualStudioVersion = 10.0.40219.1
Project("{FAE04EC0-301F-11D3-BF4B-00C04F79EFBC}") = "EventProducer", "EventProducer\EventProducer.csproj", "{019089BA-6953-4ACD-A37B-8CAE74B4BAC4}"
EndProject
Global
	GlobalSection(SolutionConfigurationPlatforms) = preSolution
		Debug|Any CPU = Debug|Any CPU
		Release|Any CPU = Release|Any CPU
	EndGlobalSection
	GlobalSection(ProjectConfigurationPlatforms) = postSolution
		{019089BA-6953-4ACD-A37B-8CAE74B4BAC4}.Debug|Any CPU.ActiveCfg = Debug|Any CPU
		{019089BA-6953-4ACD-A37B-8CAE74B4BAC4}.Debug|Any CPU.Build.0 = Debug|Any CPU
		{019089BA-6953-4ACD-A37B-8CAE74B4BAC4}.Release|Any CPU.ActiveCfg = Release|Any CPU
		{019089BA-6953-4ACD-A37B-8CAE74B4BAC4}.Release|Any CPU.Build.0 = Release|Any CPU
	EndGlobalSection
	GlobalSection(SolutionProperties) = preSolution
		HideSolutionNode = FALSE
	EndGlobalSection
	GlobalSection(ExtensibilityGlobals) = postSolution
		SolutionGuid = {E9C9262D-01D0-4A78-908A-B17FF3B194E6}
	EndGlobalSection
EndGlobal
